{
  "name": "ledger-password",
  "version": "0.0.0",
  "lockfileVersion": 1,
  "requires": true,
  "dependencies": {
    "ember-cli-github-pages": {
      "version": "0.2.0",
      "resolved": "https://registry.npmjs.org/ember-cli-github-pages/-/ember-cli-github-pages-0.2.0.tgz",
      "integrity": "sha512-jUDv1i3P9IvBeAAiNns9Yc4EkS0nkfbuedl9e8GRYVh7WOi5eR0SDi/7cYHXT5UnGkAe+eTBjjZkDKthL/DLPQ==",
      "dev": true,
      "requires": {
        "ember-cli-version-checker": "2.1.0",
        "rsvp": "4.8.2"
      }
    },
    "ember-cli-version-checker": {
      "version": "2.1.0",
      "resolved": "https://registry.npmjs.org/ember-cli-version-checker/-/ember-cli-version-checker-2.1.0.tgz",
      "integrity": "sha512-ssiNyVTp+PphroFum8guHX9py4xU1PCxkRYgb25NxumgjpKTPjhkgTfpRRKXlIQe+/wVMmhf+Uv6w9vSLZKWKQ==",
      "dev": true,
      "requires": {
        "resolve": "1.5.0",
        "semver": "5.5.0"
      }
    },
    "path-parse": {
      "version": "1.0.5",
      "resolved": "https://registry.npmjs.org/path-parse/-/path-parse-1.0.5.tgz",
      "integrity": "sha1-PBrfhx6pzWyUMbbqK9dKD/BVxME=",
      "dev": true
    },
    "resolve": {
      "version": "1.5.0",
      "resolved": "https://registry.npmjs.org/resolve/-/resolve-1.5.0.tgz",
      "integrity": "sha512-hgoSGrc3pjzAPHNBg+KnFcK2HwlHTs/YrAGUr6qgTVUZmXv1UEXXl0bZNBKMA9fud6lRYFdPGz0xXxycPzmmiw==",
      "dev": true,
      "requires": {
        "path-parse": "1.0.5"
      }
    },
    "rsvp": {
      "version": "4.8.2",
      "resolved": "https://registry.npmjs.org/rsvp/-/rsvp-4.8.2.tgz",
      "integrity": "sha512-8CU1Wjxvzt6bt8zln+hCjyieneU9s0LRW+lPRsjyVCY8Vm1kTbK7btBIrCGg6yY9U4undLDm/b1hKEEi1tLypg==",
      "dev": true
    },
    "semver": {
      "version": "5.5.0",
      "resolved": "https://registry.npmjs.org/semver/-/semver-5.5.0.tgz",
      "integrity": "sha512-4SJ3dm0WAwWy/NVeioZh5AntkdJoWKxHxcmyP622fOkgHa4z3R0TdBJICINyaSDE6uNwVc8gZr+ZinwZAH4xIA==",
      "dev": true
    }
  }
}
